
Microsoft Visual Studio Solution File, Format Version 12.00
# Visual Studio Version 16
VisualStudioVersion = 16.0.31729.503
MinimumVisualStudioVersion = 10.0.40219.1
Project("{9A19103F-16F7-4668-BE54-9A1E7A4F7556}") = "Discount.API", "Discount.API.csproj", "{8206CEE3-F17E-4B8F-B193-A25B6909C294}"
EndProject
Global
	GlobalSection(SolutionConfigurationPlatforms) = preSolution
		Debug|Any CPU = Debug|Any CPU
		Release|Any CPU = Release|Any CPU
	EndGlobalSection
	GlobalSection(ProjectConfigurationPlatforms) = postSolution
		{8206CEE3-F17E-4B8F-B193-A25B6909C294}.Debug|Any CPU.ActiveCfg = Debug|Any CPU
		{8206CEE3-F17E-4B8F-B193-A25B6909C294}.Debug|Any CPU.Build.0 = Debug|Any CPU
		{8206CEE3-F17E-4B8F-B193-A25B6909C294}.Release|Any CPU.ActiveCfg = Release|Any CPU
		{8206CEE3-F17E-4B8F-B193-A25B6909C294}.Release|Any CPU.Build.0 = Release|Any CPU
	EndGlobalSection
	GlobalSection(SolutionProperties) = preSolution
		HideSolutionNode = FALSE
	EndGlobalSection
	GlobalSection(ExtensibilityGlobals) = postSolution
		SolutionGuid = {4A5E2BEA-985B-4BD2-9F59-A5860CB76A7F}
	EndGlobalSection
EndGlobal
