
Microsoft Visual Studio Solution File, Format Version 12.00
# Visual Studio Version 16
VisualStudioVersion = 16.0.31729.503
MinimumVisualStudioVersion = 10.0.40219.1
Project("{9A19103F-16F7-4668-BE54-9A1E7A4F7556}") = "Basket.API", "Basket.API.csproj", "{E45110FB-0C3E-49C4-9A24-488ECA3F33DF}"
EndProject
Global
	GlobalSection(SolutionConfigurationPlatforms) = preSolution
		Debug|Any CPU = Debug|Any CPU
		Release|Any CPU = Release|Any CPU
	EndGlobalSection
	GlobalSection(ProjectConfigurationPlatforms) = postSolution
		{E45110FB-0C3E-49C4-9A24-488ECA3F33DF}.Debug|Any CPU.ActiveCfg = Debug|Any CPU
		{E45110FB-0C3E-49C4-9A24-488ECA3F33DF}.Debug|Any CPU.Build.0 = Debug|Any CPU
		{E45110FB-0C3E-49C4-9A24-488ECA3F33DF}.Release|Any CPU.ActiveCfg = Release|Any CPU
		{E45110FB-0C3E-49C4-9A24-488ECA3F33DF}.Release|Any CPU.Build.0 = Release|Any CPU
		{057EC056-72C9-4C3B-A87E-45728FA12350}.Debug|Any CPU.ActiveCfg = Debug|Any CPU
		{057EC056-72C9-4C3B-A87E-45728FA12350}.Debug|Any CPU.Build.0 = Debug|Any CPU
		{057EC056-72C9-4C3B-A87E-45728FA12350}.Release|Any CPU.ActiveCfg = Release|Any CPU
		{057EC056-72C9-4C3B-A87E-45728FA12350}.Release|Any CPU.Build.0 = Release|Any CPU
	EndGlobalSection
	GlobalSection(SolutionProperties) = preSolution
		HideSolutionNode = FALSE
	EndGlobalSection
	GlobalSection(ExtensibilityGlobals) = postSolution
		SolutionGuid = {41B24389-718C-4A3F-A01E-0C298B82EBC5}
	EndGlobalSection
EndGlobal
