
Microsoft Visual Studio Solution File, Format Version 12.00
# Visual Studio Version 16
VisualStudioVersion = 16.0.30114.105
MinimumVisualStudioVersion = 10.0.40219.1
Project("{9A19103F-16F7-4668-BE54-9A1E7A4F7556}") = "Basket.API", "Basket.API\Basket.API.csproj", "{618B609E-14FD-4CEA-ADB4-52C015C32692}"
EndProject
Project("{9A19103F-16F7-4668-BE54-9A1E7A4F7556}") = "Catalog.API", "Catalog.API\Catalog.API.csproj", "{B8A77796-F7BD-40EC-BFB1-13AC4FCCE0CC}"
EndProject
Project("{9A19103F-16F7-4668-BE54-9A1E7A4F7556}") = "Discount.API", "Discount.API\Discount.API.csproj", "{F66770C1-EA9F-48FD-A9A1-3187EC28ECF9}"
EndProject
Project("{2150E333-8FDC-42A3-9474-1A3956D46DE8}") = "Solution Items", "Solution Items", "{8D446F6E-A3E8-4245-906E-87D6CACB74E9}"
	ProjectSection(SolutionItems) = preProject
		docker-compose.override.yml = docker-compose.override.yml
		docker-compose.yml = docker-compose.yml
	EndProjectSection
EndProject
Project("{9A19103F-16F7-4668-BE54-9A1E7A4F7556}") = "ApiGateway", "ApiGateway\ApiGateway.csproj", "{5F0EE0B3-3484-442C-8293-A8F468E8B00F}"
EndProject
Project("{9A19103F-16F7-4668-BE54-9A1E7A4F7556}") = "Shopping.Aggregator", "Shopping.Aggregator\Shopping.Aggregator.csproj", "{351F6DFB-5CD3-4D20-A333-48D79BB31E76}"
EndProject
Project("{2150E333-8FDC-42A3-9474-1A3956D46DE8}") = "BuildingBlocks", "BuildingBlocks", "{1ED8A147-1081-4BB5-A4D1-A7FD3CE18003}"
EndProject
Project("{9A19103F-16F7-4668-BE54-9A1E7A4F7556}") = "EventBus.Messages", "BuildingBlocks\EventBus.Messages\EventBus.Messages.csproj", "{9D0AC2DA-8FD1-4D9A-BE02-5916390C09A0}"
EndProject
Project("{9A19103F-16F7-4668-BE54-9A1E7A4F7556}") = "Ordering.API", "Ordering\Ordering.API\Ordering.API.csproj", "{81A81889-EDF5-4320-BB00-4DDA16C188C6}"
EndProject
Project("{9A19103F-16F7-4668-BE54-9A1E7A4F7556}") = "Ordering.Application", "Ordering\Ordering.Application\Ordering.Application.csproj", "{3D7E9145-F8E5-4865-A732-5E712E7A4070}"
EndProject
Project("{9A19103F-16F7-4668-BE54-9A1E7A4F7556}") = "Ordering.Domain", "Ordering\Ordering.Domain\Ordering.Domain.csproj", "{CD9B1A40-74A9-4263-94F8-C43CEA04B256}"
EndProject
Project("{9A19103F-16F7-4668-BE54-9A1E7A4F7556}") = "Ordering.Infrastructure", "Ordering\Ordering.Infrastructure\Ordering.Infrastructure.csproj", "{A388F774-D760-42E5-B9C5-CCE01BBAA632}"
EndProject
Global
	GlobalSection(SolutionConfigurationPlatforms) = preSolution
		Debug|Any CPU = Debug|Any CPU
		Debug|x64 = Debug|x64
		Debug|x86 = Debug|x86
		Release|Any CPU = Release|Any CPU
		Release|x64 = Release|x64
		Release|x86 = Release|x86
	EndGlobalSection
	GlobalSection(ProjectConfigurationPlatforms) = postSolution
		{618B609E-14FD-4CEA-ADB4-52C015C32692}.Debug|Any CPU.ActiveCfg = Debug|Any CPU
		{618B609E-14FD-4CEA-ADB4-52C015C32692}.Debug|Any CPU.Build.0 = Debug|Any CPU
		{618B609E-14FD-4CEA-ADB4-52C015C32692}.Debug|x64.ActiveCfg = Debug|Any CPU
		{618B609E-14FD-4CEA-ADB4-52C015C32692}.Debug|x64.Build.0 = Debug|Any CPU
		{618B609E-14FD-4CEA-ADB4-52C015C32692}.Debug|x86.ActiveCfg = Debug|Any CPU
		{618B609E-14FD-4CEA-ADB4-52C015C32692}.Debug|x86.Build.0 = Debug|Any CPU
		{618B609E-14FD-4CEA-ADB4-52C015C32692}.Release|Any CPU.ActiveCfg = Release|Any CPU
		{618B609E-14FD-4CEA-ADB4-52C015C32692}.Release|Any CPU.Build.0 = Release|Any CPU
		{618B609E-14FD-4CEA-ADB4-52C015C32692}.Release|x64.ActiveCfg = Release|Any CPU
		{618B609E-14FD-4CEA-ADB4-52C015C32692}.Release|x64.Build.0 = Release|Any CPU
		{618B609E-14FD-4CEA-ADB4-52C015C32692}.Release|x86.ActiveCfg = Release|Any CPU
		{618B609E-14FD-4CEA-ADB4-52C015C32692}.Release|x86.Build.0 = Release|Any CPU
		{B8A77796-F7BD-40EC-BFB1-13AC4FCCE0CC}.Debug|Any CPU.ActiveCfg = Debug|Any CPU
		{B8A77796-F7BD-40EC-BFB1-13AC4FCCE0CC}.Debug|Any CPU.Build.0 = Debug|Any CPU
		{B8A77796-F7BD-40EC-BFB1-13AC4FCCE0CC}.Debug|x64.ActiveCfg = Debug|Any CPU
		{B8A77796-F7BD-40EC-BFB1-13AC4FCCE0CC}.Debug|x64.Build.0 = Debug|Any CPU
		{B8A77796-F7BD-40EC-BFB1-13AC4FCCE0CC}.Debug|x86.ActiveCfg = Debug|Any CPU
		{B8A77796-F7BD-40EC-BFB1-13AC4FCCE0CC}.Debug|x86.Build.0 = Debug|Any CPU
		{B8A77796-F7BD-40EC-BFB1-13AC4FCCE0CC}.Release|Any CPU.ActiveCfg = Release|Any CPU
		{B8A77796-F7BD-40EC-BFB1-13AC4FCCE0CC}.Release|Any CPU.Build.0 = Release|Any CPU
		{B8A77796-F7BD-40EC-BFB1-13AC4FCCE0CC}.Release|x64.ActiveCfg = Release|Any CPU
		{B8A77796-F7BD-40EC-BFB1-13AC4FCCE0CC}.Release|x64.Build.0 = Release|Any CPU
		{B8A77796-F7BD-40EC-BFB1-13AC4FCCE0CC}.Release|x86.ActiveCfg = Release|Any CPU
		{B8A77796-F7BD-40EC-BFB1-13AC4FCCE0CC}.Release|x86.Build.0 = Release|Any CPU
		{F66770C1-EA9F-48FD-A9A1-3187EC28ECF9}.Debug|Any CPU.ActiveCfg = Debug|Any CPU
		{F66770C1-EA9F-48FD-A9A1-3187EC28ECF9}.Debug|Any CPU.Build.0 = Debug|Any CPU
		{F66770C1-EA9F-48FD-A9A1-3187EC28ECF9}.Debug|x64.ActiveCfg = Debug|Any CPU
		{F66770C1-EA9F-48FD-A9A1-3187EC28ECF9}.Debug|x64.Build.0 = Debug|Any CPU
		{F66770C1-EA9F-48FD-A9A1-3187EC28ECF9}.Debug|x86.ActiveCfg = Debug|Any CPU
		{F66770C1-EA9F-48FD-A9A1-3187EC28ECF9}.Debug|x86.Build.0 = Debug|Any CPU
		{F66770C1-EA9F-48FD-A9A1-3187EC28ECF9}.Release|Any CPU.ActiveCfg = Release|Any CPU
		{F66770C1-EA9F-48FD-A9A1-3187EC28ECF9}.Release|Any CPU.Build.0 = Release|Any CPU
		{F66770C1-EA9F-48FD-A9A1-3187EC28ECF9}.Release|x64.ActiveCfg = Release|Any CPU
		{F66770C1-EA9F-48FD-A9A1-3187EC28ECF9}.Release|x64.Build.0 = Release|Any CPU
		{F66770C1-EA9F-48FD-A9A1-3187EC28ECF9}.Release|x86.ActiveCfg = Release|Any CPU
		{F66770C1-EA9F-48FD-A9A1-3187EC28ECF9}.Release|x86.Build.0 = Release|Any CPU
		{5F0EE0B3-3484-442C-8293-A8F468E8B00F}.Debug|Any CPU.ActiveCfg = Debug|Any CPU
		{5F0EE0B3-3484-442C-8293-A8F468E8B00F}.Debug|Any CPU.Build.0 = Debug|Any CPU
		{5F0EE0B3-3484-442C-8293-A8F468E8B00F}.Debug|x64.ActiveCfg = Debug|Any CPU
		{5F0EE0B3-3484-442C-8293-A8F468E8B00F}.Debug|x64.Build.0 = Debug|Any CPU
		{5F0EE0B3-3484-442C-8293-A8F468E8B00F}.Debug|x86.ActiveCfg = Debug|Any CPU
		{5F0EE0B3-3484-442C-8293-A8F468E8B00F}.Debug|x86.Build.0 = Debug|Any CPU
		{5F0EE0B3-3484-442C-8293-A8F468E8B00F}.Release|Any CPU.ActiveCfg = Release|Any CPU
		{5F0EE0B3-3484-442C-8293-A8F468E8B00F}.Release|Any CPU.Build.0 = Release|Any CPU
		{5F0EE0B3-3484-442C-8293-A8F468E8B00F}.Release|x64.ActiveCfg = Release|Any CPU
		{5F0EE0B3-3484-442C-8293-A8F468E8B00F}.Release|x64.Build.0 = Release|Any CPU
		{5F0EE0B3-3484-442C-8293-A8F468E8B00F}.Release|x86.ActiveCfg = Release|Any CPU
		{5F0EE0B3-3484-442C-8293-A8F468E8B00F}.Release|x86.Build.0 = Release|Any CPU
		{351F6DFB-5CD3-4D20-A333-48D79BB31E76}.Debug|Any CPU.ActiveCfg = Debug|Any CPU
		{351F6DFB-5CD3-4D20-A333-48D79BB31E76}.Debug|Any CPU.Build.0 = Debug|Any CPU
		{351F6DFB-5CD3-4D20-A333-48D79BB31E76}.Debug|x64.ActiveCfg = Debug|Any CPU
		{351F6DFB-5CD3-4D20-A333-48D79BB31E76}.Debug|x64.Build.0 = Debug|Any CPU
		{351F6DFB-5CD3-4D20-A333-48D79BB31E76}.Debug|x86.ActiveCfg = Debug|Any CPU
		{351F6DFB-5CD3-4D20-A333-48D79BB31E76}.Debug|x86.Build.0 = Debug|Any CPU
		{351F6DFB-5CD3-4D20-A333-48D79BB31E76}.Release|Any CPU.ActiveCfg = Release|Any CPU
		{351F6DFB-5CD3-4D20-A333-48D79BB31E76}.Release|Any CPU.Build.0 = Release|Any CPU
		{351F6DFB-5CD3-4D20-A333-48D79BB31E76}.Release|x64.ActiveCfg = Release|Any CPU
		{351F6DFB-5CD3-4D20-A333-48D79BB31E76}.Release|x64.Build.0 = Release|Any CPU
		{351F6DFB-5CD3-4D20-A333-48D79BB31E76}.Release|x86.ActiveCfg = Release|Any CPU
		{351F6DFB-5CD3-4D20-A333-48D79BB31E76}.Release|x86.Build.0 = Release|Any CPU
		{9D0AC2DA-8FD1-4D9A-BE02-5916390C09A0}.Debug|Any CPU.ActiveCfg = Debug|Any CPU
		{9D0AC2DA-8FD1-4D9A-BE02-5916390C09A0}.Debug|Any CPU.Build.0 = Debug|Any CPU
		{9D0AC2DA-8FD1-4D9A-BE02-5916390C09A0}.Debug|x64.ActiveCfg = Debug|Any CPU
		{9D0AC2DA-8FD1-4D9A-BE02-5916390C09A0}.Debug|x64.Build.0 = Debug|Any CPU
		{9D0AC2DA-8FD1-4D9A-BE02-5916390C09A0}.Debug|x86.ActiveCfg = Debug|Any CPU
		{9D0AC2DA-8FD1-4D9A-BE02-5916390C09A0}.Debug|x86.Build.0 = Debug|Any CPU
		{9D0AC2DA-8FD1-4D9A-BE02-5916390C09A0}.Release|Any CPU.ActiveCfg = Release|Any CPU
		{9D0AC2DA-8FD1-4D9A-BE02-5916390C09A0}.Release|Any CPU.Build.0 = Release|Any CPU
		{9D0AC2DA-8FD1-4D9A-BE02-5916390C09A0}.Release|x64.ActiveCfg = Release|Any CPU
		{9D0AC2DA-8FD1-4D9A-BE02-5916390C09A0}.Release|x64.Build.0 = Release|Any CPU
		{9D0AC2DA-8FD1-4D9A-BE02-5916390C09A0}.Release|x86.ActiveCfg = Release|Any CPU
		{9D0AC2DA-8FD1-4D9A-BE02-5916390C09A0}.Release|x86.Build.0 = Release|Any CPU
		{81A81889-EDF5-4320-BB00-4DDA16C188C6}.Debug|Any CPU.ActiveCfg = Debug|Any CPU
		{81A81889-EDF5-4320-BB00-4DDA16C188C6}.Debug|Any CPU.Build.0 = Debug|Any CPU
		{81A81889-EDF5-4320-BB00-4DDA16C188C6}.Debug|x64.ActiveCfg = Debug|Any CPU
		{81A81889-EDF5-4320-BB00-4DDA16C188C6}.Debug|x64.Build.0 = Debug|Any CPU
		{81A81889-EDF5-4320-BB00-4DDA16C188C6}.Debug|x86.ActiveCfg = Debug|Any CPU
		{81A81889-EDF5-4320-BB00-4DDA16C188C6}.Debug|x86.Build.0 = Debug|Any CPU
		{81A81889-EDF5-4320-BB00-4DDA16C188C6}.Release|Any CPU.ActiveCfg = Release|Any CPU
		{81A81889-EDF5-4320-BB00-4DDA16C188C6}.Release|Any CPU.Build.0 = Release|Any CPU
		{81A81889-EDF5-4320-BB00-4DDA16C188C6}.Release|x64.ActiveCfg = Release|Any CPU
		{81A81889-EDF5-4320-BB00-4DDA16C188C6}.Release|x64.Build.0 = Release|Any CPU
		{81A81889-EDF5-4320-BB00-4DDA16C188C6}.Release|x86.ActiveCfg = Release|Any CPU
		{81A81889-EDF5-4320-BB00-4DDA16C188C6}.Release|x86.Build.0 = Release|Any CPU
		{3D7E9145-F8E5-4865-A732-5E712E7A4070}.Debug|Any CPU.ActiveCfg = Debug|Any CPU
		{3D7E9145-F8E5-4865-A732-5E712E7A4070}.Debug|Any CPU.Build.0 = Debug|Any CPU
		{3D7E9145-F8E5-4865-A732-5E712E7A4070}.Debug|x64.ActiveCfg = Debug|Any CPU
		{3D7E9145-F8E5-4865-A732-5E712E7A4070}.Debug|x64.Build.0 = Debug|Any CPU
		{3D7E9145-F8E5-4865-A732-5E712E7A4070}.Debug|x86.ActiveCfg = Debug|Any CPU
		{3D7E9145-F8E5-4865-A732-5E712E7A4070}.Debug|x86.Build.0 = Debug|Any CPU
		{3D7E9145-F8E5-4865-A732-5E712E7A4070}.Release|Any CPU.ActiveCfg = Release|Any CPU
		{3D7E9145-F8E5-4865-A732-5E712E7A4070}.Release|Any CPU.Build.0 = Release|Any CPU
		{3D7E9145-F8E5-4865-A732-5E712E7A4070}.Release|x64.ActiveCfg = Release|Any CPU
		{3D7E9145-F8E5-4865-A732-5E712E7A4070}.Release|x64.Build.0 = Release|Any CPU
		{3D7E9145-F8E5-4865-A732-5E712E7A4070}.Release|x86.ActiveCfg = Release|Any CPU
		{3D7E9145-F8E5-4865-A732-5E712E7A4070}.Release|x86.Build.0 = Release|Any CPU
		{CD9B1A40-74A9-4263-94F8-C43CEA04B256}.Debug|Any CPU.ActiveCfg = Debug|Any CPU
		{CD9B1A40-74A9-4263-94F8-C43CEA04B256}.Debug|Any CPU.Build.0 = Debug|Any CPU
		{CD9B1A40-74A9-4263-94F8-C43CEA04B256}.Debug|x64.ActiveCfg = Debug|Any CPU
		{CD9B1A40-74A9-4263-94F8-C43CEA04B256}.Debug|x64.Build.0 = Debug|Any CPU
		{CD9B1A40-74A9-4263-94F8-C43CEA04B256}.Debug|x86.ActiveCfg = Debug|Any CPU
		{CD9B1A40-74A9-4263-94F8-C43CEA04B256}.Debug|x86.Build.0 = Debug|Any CPU
		{CD9B1A40-74A9-4263-94F8-C43CEA04B256}.Release|Any CPU.ActiveCfg = Release|Any CPU
		{CD9B1A40-74A9-4263-94F8-C43CEA04B256}.Release|Any CPU.Build.0 = Release|Any CPU
		{CD9B1A40-74A9-4263-94F8-C43CEA04B256}.Release|x64.ActiveCfg = Release|Any CPU
		{CD9B1A40-74A9-4263-94F8-C43CEA04B256}.Release|x64.Build.0 = Release|Any CPU
		{CD9B1A40-74A9-4263-94F8-C43CEA04B256}.Release|x86.ActiveCfg = Release|Any CPU
		{CD9B1A40-74A9-4263-94F8-C43CEA04B256}.Release|x86.Build.0 = Release|Any CPU
		{A388F774-D760-42E5-B9C5-CCE01BBAA632}.Debug|Any CPU.ActiveCfg = Debug|Any CPU
		{A388F774-D760-42E5-B9C5-CCE01BBAA632}.Debug|Any CPU.Build.0 = Debug|Any CPU
		{A388F774-D760-42E5-B9C5-CCE01BBAA632}.Debug|x64.ActiveCfg = Debug|Any CPU
		{A388F774-D760-42E5-B9C5-CCE01BBAA632}.Debug|x64.Build.0 = Debug|Any CPU
		{A388F774-D760-42E5-B9C5-CCE01BBAA632}.Debug|x86.ActiveCfg = Debug|Any CPU
		{A388F774-D760-42E5-B9C5-CCE01BBAA632}.Debug|x86.Build.0 = Debug|Any CPU
		{A388F774-D760-42E5-B9C5-CCE01BBAA632}.Release|Any CPU.ActiveCfg = Release|Any CPU
		{A388F774-D760-42E5-B9C5-CCE01BBAA632}.Release|Any CPU.Build.0 = Release|Any CPU
		{A388F774-D760-42E5-B9C5-CCE01BBAA632}.Release|x64.ActiveCfg = Release|Any CPU
		{A388F774-D760-42E5-B9C5-CCE01BBAA632}.Release|x64.Build.0 = Release|Any CPU
		{A388F774-D760-42E5-B9C5-CCE01BBAA632}.Release|x86.ActiveCfg = Release|Any CPU
		{A388F774-D760-42E5-B9C5-CCE01BBAA632}.Release|x86.Build.0 = Release|Any CPU
	EndGlobalSection
	GlobalSection(SolutionProperties) = preSolution
		HideSolutionNode = FALSE
	EndGlobalSection
	GlobalSection(NestedProjects) = preSolution
		{9D0AC2DA-8FD1-4D9A-BE02-5916390C09A0} = {1ED8A147-1081-4BB5-A4D1-A7FD3CE18003}
	EndGlobalSection
	GlobalSection(ExtensibilityGlobals) = postSolution
		SolutionGuid = {41D8BF22-5FFA-4C36-8A04-97B580283404}
	EndGlobalSection
EndGlobal
